# This file is automatically @generated by Cargo.
# It is not intended for manual editing.
version = 3

[[package]]
name = "header"
version = "0.1.0"

[[package]]
name = "nasm"
version = "0.1.0"
dependencies = [
 "xixanta",
]

[[package]]
name = "ncount"
version = "0.0.1"
dependencies = [
 "xixanta",
]

[[package]]
name = "ngrep"
version = "0.0.1"
dependencies = [
 "xixanta",
]

[[package]]
name = "readrom"
version = "1.0.0"
dependencies = [
 "header",
]

[[package]]
name = "xa65"
version = "0.1.0"

[[package]]
name = "xixanta"
version = "0.1.0"
